{
  "name": "gmail-addon-proof-of-concept",
  "version": "1.0.0",
  "lockfileVersion": 1,
  "requires": true,
  "dependencies": {
    "gapi-script": {
      "version": "1.0.2",
      "resolved": "https://registry.npmjs.org/gapi-script/-/gapi-script-1.0.2.tgz",
      "integrity": "sha512-/WW6FrT2MUag641pM2vDJ3QbHlBKngsv5oLnd9UyplFUGtf4TxyiRGIJKawaH+cb8jXDXni+jNMH6SsL2PxbUQ=="
    }
  }
}
